{
  "name": "token-service",
  "version": "1.0.0",
  "lockfileVersion": 1,
  "requires": true,
  "dependencies": {
    "@types/async": {
      "version": "2.0.47",
      "resolved": "http://registry.npm.taobao.org/@types/async/download/@types/async-2.0.47.tgz",
      "integrity": "sha1-9Juh3R8YlIa+tuHQcKhQ9qtL1SE=",
      "optional": true
    },
    "@types/node": {
      "version": "9.6.2",
      "resolved": "http://registry.npm.taobao.org/@types/node/download/@types/node-9.6.2.tgz",
      "integrity": "sha1-5JrBrbRYg16VymSHvCD5FrN6/yM="
    },
    "@types/zen-observable": {
      "version": "0.5.3",
      "resolved": "http://registry.npm.taobao.org/@types/zen-observable/download/@types/zen-observable-0.5.3.tgz",
      "integrity": "sha1-kbcoWZVE77tzhti2YzaTo8LnreU="
    },
    "apollo-boost": {
      "version": "0.1.4",
      "resolved": "http://registry.npm.taobao.org/apollo-boost/download/apollo-boost-0.1.4.tgz",
      "integrity": "sha1-wXzmzRf1woWeBogKq5rwJl/JKeI=",
      "requires": {
        "apollo-cache-inmemory": "1.1.12",
        "apollo-client": "2.2.8",
        "apollo-link": "1.2.1",
        "apollo-link-error": "1.0.7",
        "apollo-link-http": "1.5.3",
        "apollo-link-state": "0.4.1",
        "graphql-tag": "2.8.0"
      }
    },
    "apollo-cache": {
      "version": "1.1.7",
      "resolved": "http://registry.npm.taobao.org/apollo-cache/download/apollo-cache-1.1.7.tgz",
      "integrity": "sha1-WBcBii+/wFohujGb0Xo+dTgRDMU=",
      "requires": {
        "apollo-utilities": "1.0.11"
      }
    },
    "apollo-cache-inmemory": {
      "version": "1.1.12",
      "resolved": "http://registry.npm.taobao.org/apollo-cache-inmemory/download/apollo-cache-inmemory-1.1.12.tgz",
      "integrity": "sha1-q0ib8Eaz4CZVarKL3rtuAQyslTE=",
      "requires": {
        "apollo-cache": "1.1.7",
        "apollo-utilities": "1.0.11",
        "graphql-anywhere": "4.1.8"
      }
    },
    "apollo-client": {
      "version": "2.2.8",
      "resolved": "http://registry.npm.taobao.org/apollo-client/download/apollo-client-2.2.8.tgz",
      "integrity": "sha1-tgTTGrLS3QDbMQXYeTuT7gLOVn4=",
      "requires": {
        "@types/async": "2.0.47",
        "@types/zen-observable": "0.5.3",
        "apollo-cache": "1.1.7",
        "apollo-link": "1.2.1",
        "apollo-link-dedup": "1.0.8",
        "apollo-utilities": "1.0.11",
        "symbol-observable": "1.2.0",
        "zen-observable": "0.7.1"
      }
    },
    "apollo-link": {
      "version": "1.2.1",
      "resolved": "http://registry.npm.taobao.org/apollo-link/download/apollo-link-1.2.1.tgz",
      "integrity": "sha1-wSCxYFn5vZNAG59yuU0vgPPzBdI=",
      "requires": {
        "@types/node": "9.6.2",
        "apollo-utilities": "1.0.11",
        "zen-observable-ts": "0.8.8"
      }
    },
    "apollo-link-dedup": {
      "version": "1.0.8",
      "resolved": "http://registry.npm.taobao.org/apollo-link-dedup/download/apollo-link-dedup-1.0.8.tgz",
      "integrity": "sha1-jDAozzJVe9BAq2uohW84Bnvazq0=",
      "requires": {
        "apollo-link": "1.2.1"
      }
    },
    "apollo-link-error": {
      "version": "1.0.7",
      "resolved": "http://registry.npm.taobao.org/apollo-link-error/download/apollo-link-error-1.0.7.tgz",
      "integrity": "sha1-3217E+m3P5phVUe2XsmkyTDKfxg=",
      "requires": {
        "apollo-link": "1.2.1"
      }
    },
    "apollo-link-http": {
      "version": "1.5.3",
      "resolved": "http://registry.npm.taobao.org/apollo-link-http/download/apollo-link-http-1.5.3.tgz",
      "integrity": "sha1-OqDT7P5WZu8MNg81nEJf9uodKFs=",
      "requires": {
        "apollo-link": "1.2.1",
        "apollo-link-http-common": "0.2.3"
      }
    },
    "apollo-link-http-common": {
      "version": "0.2.3",
      "resolved": "http://registry.npm.taobao.org/apollo-link-http-common/download/apollo-link-http-common-0.2.3.tgz",
      "integrity": "sha1-gq4NT/DN18XIgmQR2d1/fYBJykY=",
      "requires": {
        "apollo-link": "1.2.1"
      }
    },
    "apollo-link-state": {
      "version": "0.4.1",
      "resolved": "http://registry.npm.taobao.org/apollo-link-state/download/apollo-link-state-0.4.1.tgz",
      "integrity": "sha1-Zeng4Sxnk2uMSxK4Q4Q085MQRXk=",
      "requires": {
        "apollo-utilities": "1.0.11",
        "graphql-anywhere": "4.1.8"
      }
    },
    "apollo-utilities": {
      "version": "1.0.11",
      "resolved": "http://registry.npm.taobao.org/apollo-utilities/download/apollo-utilities-1.0.11.tgz",
      "integrity": "sha1-zTa/puXATuosrwwgSg84oK1VCAI="
    },
    "graphql": {
      "version": "0.13.2",
      "resolved": "http://registry.npm.taobao.org/graphql/download/graphql-0.13.2.tgz",
      "integrity": "sha1-THQK48Iigj5wBAlvgy57k7IQgnA=",
      "requires": {
        "iterall": "1.2.2"
      }
    },
    "graphql-anywhere": {
      "version": "4.1.8",
      "resolved": "http://registry.npm.taobao.org/graphql-anywhere/download/graphql-anywhere-4.1.8.tgz",
      "integrity": "sha1-I4guahbsgk/rvlvKQJN83XbFrNw=",
      "requires": {
        "apollo-utilities": "1.0.11"
      }
    },
    "graphql-tag": {
      "version": "2.8.0",
      "resolved": "http://registry.npm.taobao.org/graphql-tag/download/graphql-tag-2.8.0.tgz",
      "integrity": "sha1-Us3qB6hCFU7BGi6EDBG5d/m4Nc4="
    },
    "iterall": {
      "version": "1.2.2",
      "resolved": "http://registry.npm.taobao.org/iterall/download/iterall-1.2.2.tgz",
      "integrity": "sha1-ktcN64Ao4MOf8xZP2/TYsIgTDNc="
    },
    "symbol-observable": {
      "version": "1.2.0",
      "resolved": "http://registry.npm.taobao.org/symbol-observable/download/symbol-observable-1.2.0.tgz",
      "integrity": "sha1-wiaIrtTqs83C3+rLtWFmBWCgCAQ="
    },
    "zen-observable": {
      "version": "0.7.1",
      "resolved": "http://registry.npm.taobao.org/zen-observable/download/zen-observable-0.7.1.tgz",
      "integrity": "sha1-+EB1wO4IVZTTVm4dZFQgfxJkEbM="
    },
    "zen-observable-ts": {
      "version": "0.8.8",
      "resolved": "http://registry.npm.taobao.org/zen-observable-ts/download/zen-observable-ts-0.8.8.tgz",
      "integrity": "sha1-GlhtwgT6VjKogFf4eVAODSugaGk=",
      "requires": {
        "zen-observable": "0.7.1"
      }
    }
  }
}
